
Microsoft Visual Studio Solution File, Format Version 12.00
# Visual Studio Version 17
VisualStudioVersion = 17.4.33110.190
MinimumVisualStudioVersion = 10.0.40219.1
Project("{FAE04EC0-301F-11D3-BF4B-00C04F79EFBC}") = "AdventOfCode2022", "AdventOfCode2022\AdventOfCode2022.csproj", "{A9DA111E-1F67-49D9-AD41-589F4ED1AA9C}"
EndProject
Project("{FAE04EC0-301F-11D3-BF4B-00C04F79EFBC}") = "AdventOfCode2022.Tests", "AdventOfCode2022.Tests\AdventOfCode2022.Tests.csproj", "{93CCC4DE-3BB1-40E7-A4FA-CD724FAC7FCF}"
EndProject
Global
	GlobalSection(SolutionConfigurationPlatforms) = preSolution
		Debug|Any CPU = Debug|Any CPU
		Release|Any CPU = Release|Any CPU
	EndGlobalSection
	GlobalSection(ProjectConfigurationPlatforms) = postSolution
		{A9DA111E-1F67-49D9-AD41-589F4ED1AA9C}.Debug|Any CPU.ActiveCfg = Debug|Any CPU
		{A9DA111E-1F67-49D9-AD41-589F4ED1AA9C}.Debug|Any CPU.Build.0 = Debug|Any CPU
		{A9DA111E-1F67-49D9-AD41-589F4ED1AA9C}.Release|Any CPU.ActiveCfg = Release|Any CPU
		{A9DA111E-1F67-49D9-AD41-589F4ED1AA9C}.Release|Any CPU.Build.0 = Release|Any CPU
		{93CCC4DE-3BB1-40E7-A4FA-CD724FAC7FCF}.Debug|Any CPU.ActiveCfg = Debug|Any CPU
		{93CCC4DE-3BB1-40E7-A4FA-CD724FAC7FCF}.Debug|Any CPU.Build.0 = Debug|Any CPU
		{93CCC4DE-3BB1-40E7-A4FA-CD724FAC7FCF}.Release|Any CPU.ActiveCfg = Release|Any CPU
		{93CCC4DE-3BB1-40E7-A4FA-CD724FAC7FCF}.Release|Any CPU.Build.0 = Release|Any CPU
	EndGlobalSection
	GlobalSection(SolutionProperties) = preSolution
		HideSolutionNode = FALSE
	EndGlobalSection
	GlobalSection(ExtensibilityGlobals) = postSolution
		SolutionGuid = {581AE057-11AE-42D7-A318-E4DD7C987DC8}
	EndGlobalSection
EndGlobal
